
Microsoft Visual Studio Solution File, Format Version 12.00
# Visual Studio Version 17
VisualStudioVersion = 17.3.32825.248
MinimumVisualStudioVersion = 10.0.40219.1
Project("{2150E333-8FDC-42A3-9474-1A3956D46DE8}") = "01. Api", "01. Api", "{E3EE510B-D930-471A-8612-A5AA19485282}"
EndProject
Project("{2150E333-8FDC-42A3-9474-1A3956D46DE8}") = "02. Domain", "02. Domain", "{9A856269-A7D4-42D0-899A-6C07D50F56A1}"
EndProject
Project("{2150E333-8FDC-42A3-9474-1A3956D46DE8}") = "03. Repository", "03. Repository", "{7CF9C575-4646-46ED-8FA2-FFA192C777A5}"
EndProject
Project("{2150E333-8FDC-42A3-9474-1A3956D46DE8}") = "04. Persistence", "04. Persistence", "{0A3D7374-B651-4045-AEC2-8C1427A9A0C4}"
EndProject
Project("{2150E333-8FDC-42A3-9474-1A3956D46DE8}") = "05. Common", "05. Common", "{01EA288B-CE72-4780-87A6-67C48045F26B}"
EndProject
Project("{9A19103F-16F7-4668-BE54-9A1E7A4F7556}") = "API", "src\api\API\API.csproj", "{97297449-382C-4ADC-BB90-333BEE428A76}"
EndProject
Project("{9A19103F-16F7-4668-BE54-9A1E7A4F7556}") = "DTOS", "src\domain\DTOS\DTOS.csproj", "{0268A683-6C91-4A7C-9572-C0D4F9DBDE62}"
EndProject
Project("{9A19103F-16F7-4668-BE54-9A1E7A4F7556}") = "Helpers", "src\domain\Helpers\Helpers.csproj", "{9E15232D-66D0-452A-9D14-62263337894F}"
EndProject
Project("{9A19103F-16F7-4668-BE54-9A1E7A4F7556}") = "Models", "src\domain\Models\Models.csproj", "{FAC4DB0C-CD49-4942-9027-F645F0E10E6C}"
EndProject
Project("{FAE04EC0-301F-11D3-BF4B-00C04F79EFBC}") = "Interfaces", "src\repository\Interfaces\Interfaces.csproj", "{FE5C6C83-F125-41CD-8327-C8A2B9D1BEFD}"
EndProject
Project("{FAE04EC0-301F-11D3-BF4B-00C04F79EFBC}") = "Proxies", "src\repository\Proxies\Proxies.csproj", "{569D3578-6D4C-4185-99D3-79C862DF7E46}"
EndProject
Project("{FAE04EC0-301F-11D3-BF4B-00C04F79EFBC}") = "Services", "src\repository\Services\Services.csproj", "{F44EAE01-5F60-4804-B67E-DC73B61ED957}"
EndProject
Project("{FAE04EC0-301F-11D3-BF4B-00C04F79EFBC}") = "ConfigSQLSERVER", "src\persistence\ConfigSQLSERVER\ConfigSQLSERVER.csproj", "{1B8C0DBC-212D-4311-8C16-D1C5A1B2638A}"
EndProject
Global
	GlobalSection(SolutionConfigurationPlatforms) = preSolution
		Debug|Any CPU = Debug|Any CPU
		Release|Any CPU = Release|Any CPU
	EndGlobalSection
	GlobalSection(ProjectConfigurationPlatforms) = postSolution
		{97297449-382C-4ADC-BB90-333BEE428A76}.Debug|Any CPU.ActiveCfg = Debug|Any CPU
		{97297449-382C-4ADC-BB90-333BEE428A76}.Debug|Any CPU.Build.0 = Debug|Any CPU
		{97297449-382C-4ADC-BB90-333BEE428A76}.Release|Any CPU.ActiveCfg = Release|Any CPU
		{97297449-382C-4ADC-BB90-333BEE428A76}.Release|Any CPU.Build.0 = Release|Any CPU
		{0268A683-6C91-4A7C-9572-C0D4F9DBDE62}.Debug|Any CPU.ActiveCfg = Debug|Any CPU
		{0268A683-6C91-4A7C-9572-C0D4F9DBDE62}.Debug|Any CPU.Build.0 = Debug|Any CPU
		{0268A683-6C91-4A7C-9572-C0D4F9DBDE62}.Release|Any CPU.ActiveCfg = Release|Any CPU
		{0268A683-6C91-4A7C-9572-C0D4F9DBDE62}.Release|Any CPU.Build.0 = Release|Any CPU
		{9E15232D-66D0-452A-9D14-62263337894F}.Debug|Any CPU.ActiveCfg = Debug|Any CPU
		{9E15232D-66D0-452A-9D14-62263337894F}.Debug|Any CPU.Build.0 = Debug|Any CPU
		{9E15232D-66D0-452A-9D14-62263337894F}.Release|Any CPU.ActiveCfg = Release|Any CPU
		{9E15232D-66D0-452A-9D14-62263337894F}.Release|Any CPU.Build.0 = Release|Any CPU
		{FAC4DB0C-CD49-4942-9027-F645F0E10E6C}.Debug|Any CPU.ActiveCfg = Debug|Any CPU
		{FAC4DB0C-CD49-4942-9027-F645F0E10E6C}.Debug|Any CPU.Build.0 = Debug|Any CPU
		{FAC4DB0C-CD49-4942-9027-F645F0E10E6C}.Release|Any CPU.ActiveCfg = Release|Any CPU
		{FAC4DB0C-CD49-4942-9027-F645F0E10E6C}.Release|Any CPU.Build.0 = Release|Any CPU
		{FE5C6C83-F125-41CD-8327-C8A2B9D1BEFD}.Debug|Any CPU.ActiveCfg = Debug|Any CPU
		{FE5C6C83-F125-41CD-8327-C8A2B9D1BEFD}.Debug|Any CPU.Build.0 = Debug|Any CPU
		{FE5C6C83-F125-41CD-8327-C8A2B9D1BEFD}.Release|Any CPU.ActiveCfg = Release|Any CPU
		{FE5C6C83-F125-41CD-8327-C8A2B9D1BEFD}.Release|Any CPU.Build.0 = Release|Any CPU
		{569D3578-6D4C-4185-99D3-79C862DF7E46}.Debug|Any CPU.ActiveCfg = Debug|Any CPU
		{569D3578-6D4C-4185-99D3-79C862DF7E46}.Debug|Any CPU.Build.0 = Debug|Any CPU
		{569D3578-6D4C-4185-99D3-79C862DF7E46}.Release|Any CPU.ActiveCfg = Release|Any CPU
		{569D3578-6D4C-4185-99D3-79C862DF7E46}.Release|Any CPU.Build.0 = Release|Any CPU
		{F44EAE01-5F60-4804-B67E-DC73B61ED957}.Debug|Any CPU.ActiveCfg = Debug|Any CPU
		{F44EAE01-5F60-4804-B67E-DC73B61ED957}.Debug|Any CPU.Build.0 = Debug|Any CPU
		{F44EAE01-5F60-4804-B67E-DC73B61ED957}.Release|Any CPU.ActiveCfg = Release|Any CPU
		{F44EAE01-5F60-4804-B67E-DC73B61ED957}.Release|Any CPU.Build.0 = Release|Any CPU
		{1B8C0DBC-212D-4311-8C16-D1C5A1B2638A}.Debug|Any CPU.ActiveCfg = Debug|Any CPU
		{1B8C0DBC-212D-4311-8C16-D1C5A1B2638A}.Debug|Any CPU.Build.0 = Debug|Any CPU
		{1B8C0DBC-212D-4311-8C16-D1C5A1B2638A}.Release|Any CPU.ActiveCfg = Release|Any CPU
		{1B8C0DBC-212D-4311-8C16-D1C5A1B2638A}.Release|Any CPU.Build.0 = Release|Any CPU
	EndGlobalSection
	GlobalSection(SolutionProperties) = preSolution
		HideSolutionNode = FALSE
	EndGlobalSection
	GlobalSection(NestedProjects) = preSolution
		{97297449-382C-4ADC-BB90-333BEE428A76} = {E3EE510B-D930-471A-8612-A5AA19485282}
		{0268A683-6C91-4A7C-9572-C0D4F9DBDE62} = {9A856269-A7D4-42D0-899A-6C07D50F56A1}
		{9E15232D-66D0-452A-9D14-62263337894F} = {9A856269-A7D4-42D0-899A-6C07D50F56A1}
		{FAC4DB0C-CD49-4942-9027-F645F0E10E6C} = {9A856269-A7D4-42D0-899A-6C07D50F56A1}
		{FE5C6C83-F125-41CD-8327-C8A2B9D1BEFD} = {7CF9C575-4646-46ED-8FA2-FFA192C777A5}
		{569D3578-6D4C-4185-99D3-79C862DF7E46} = {7CF9C575-4646-46ED-8FA2-FFA192C777A5}
		{F44EAE01-5F60-4804-B67E-DC73B61ED957} = {7CF9C575-4646-46ED-8FA2-FFA192C777A5}
		{1B8C0DBC-212D-4311-8C16-D1C5A1B2638A} = {0A3D7374-B651-4045-AEC2-8C1427A9A0C4}
	EndGlobalSection
	GlobalSection(ExtensibilityGlobals) = postSolution
		SolutionGuid = {A4FED5BB-58C7-4B59-B807-492D1FAB7147}
	EndGlobalSection
EndGlobal
